
Microsoft Visual Studio Solution File, Format Version 12.00
# Visual Studio 15
VisualStudioVersion = 15.0.28307.168
MinimumVisualStudioVersion = 10.0.40219.1
Project("{9092AA53-FB77-4645-B42D-1CCCA6BD08BD}") = "MarketingApi", "MarketingApi\MarketingApi.njsproj", "{6320EF41-2777-4621-9F5D-EBD85AF00AFD}"
EndProject
Global
	GlobalSection(SolutionConfigurationPlatforms) = preSolution
		Debug|Any CPU = Debug|Any CPU
		Release|Any CPU = Release|Any CPU
	EndGlobalSection
	GlobalSection(ProjectConfigurationPlatforms) = postSolution
		{6320EF41-2777-4621-9F5D-EBD85AF00AFD}.Debug|Any CPU.ActiveCfg = Debug|Any CPU
		{6320EF41-2777-4621-9F5D-EBD85AF00AFD}.Debug|Any CPU.Build.0 = Debug|Any CPU
		{6320EF41-2777-4621-9F5D-EBD85AF00AFD}.Release|Any CPU.ActiveCfg = Release|Any CPU
		{6320EF41-2777-4621-9F5D-EBD85AF00AFD}.Release|Any CPU.Build.0 = Release|Any CPU
	EndGlobalSection
	GlobalSection(SolutionProperties) = preSolution
		HideSolutionNode = FALSE
	EndGlobalSection
	GlobalSection(ExtensibilityGlobals) = postSolution
		SolutionGuid = {8137F266-96A9-4BEA-B545-C42DD06A192F}
	EndGlobalSection
EndGlobal
